{
  "version": 4,
  "terraform_version": "1.15.6",
  "serial": 1,
  "lineage": "e574d08a-6ce8-be78-ca40-bfb64b95662f",
  "outputs": {},
  "resources": [
    {
      "mode": "managed",
      "type": "local_file",
      "name": "devops_homelab",
      "provider": "provider[\"registry.terraform.io/hashicorp/local\"]",
      "instances": [
        {
          "schema_version": 0,
          "attributes": {
            "content": "Terraform is managing infrastructure as code for my DevOps homelab.",
            "content_base64": null,
            "content_base64sha256": "bu8GYYDXk/18dHvuKTlFWjSj04zgSxPx4rXdM60HzAw=",
            "content_base64sha512": "EDuAjiudKpx0EkECQdD3d452f/JO/N1WkktNtyeK8Fn67mpMKmL7oTrVZk3ldGwqGQ+Jq8DYayLjTtt7ICgBLg==",
            "content_md5": "0b3558126d2604be9a77661f20b4b0fe",
            "content_sha1": "fc6fdd7960bf93c0496fb86a0ec211dc4ccb139f",
            "content_sha256": "6eef066180d793fd7c747bee2939455a34a3d38ce04b13f1e2b5dd33ad07cc0c",
            "content_sha512": "103b808e2b9d2a9c7412410241d0f7778e767ff24efcdd56924b4db7278af059faee6a4c2a62fba13ad5664de5746c2a190f89abc0d86b22e34edb7b2028012e",
            "directory_permission": "0777",
            "file_permission": "0777",
            "filename": "./homelab.txt",
            "id": "fc6fdd7960bf93c0496fb86a0ec211dc4ccb139f",
            "sensitive_content": null,
            "source": null
          },
          "sensitive_attributes": [
            [
              {
                "type": "get_attr",
                "value": "sensitive_content"
              }
            ]
          ],
          "identity_schema_version": 0
        }
      ]
    }
  ],
  "check_results": null
}
